
Microsoft Visual Studio Solution File, Format Version 12.00
# Visual Studio Version 17
VisualStudioVersion = 17.1.32210.238
MinimumVisualStudioVersion = 10.0.40219.1
Project("{FAE04EC0-301F-11D3-BF4B-00C04F79EFBC}") = "xadrez-console", "xadrez-console\xadrez-console.csproj", "{853D8228-E652-4F6B-B6C7-2B0182847D48}"
EndProject
Global
	GlobalSection(SolutionConfigurationPlatforms) = preSolution
		Debug|Any CPU = Debug|Any CPU
		Release|Any CPU = Release|Any CPU
	EndGlobalSection
	GlobalSection(ProjectConfigurationPlatforms) = postSolution
		{853D8228-E652-4F6B-B6C7-2B0182847D48}.Debug|Any CPU.ActiveCfg = Debug|Any CPU
		{853D8228-E652-4F6B-B6C7-2B0182847D48}.Debug|Any CPU.Build.0 = Debug|Any CPU
		{853D8228-E652-4F6B-B6C7-2B0182847D48}.Release|Any CPU.ActiveCfg = Release|Any CPU
		{853D8228-E652-4F6B-B6C7-2B0182847D48}.Release|Any CPU.Build.0 = Release|Any CPU
	EndGlobalSection
	GlobalSection(SolutionProperties) = preSolution
		HideSolutionNode = FALSE
	EndGlobalSection
	GlobalSection(ExtensibilityGlobals) = postSolution
		SolutionGuid = {ACB22BB9-0801-4142-B464-A93858649D65}
	EndGlobalSection
EndGlobal
